github.com/mattn/go-sqlite3 v1.14.24 h1:tpSp2G2KyMnnQu99ngJ47EIkWVmliIizyZBfPrBWDRM=
github.com/mattn/go-sqlite3 v1.14.24/go.mod h1:Uh1q+B4BYcTPb+yiD3kU8Ct7aC0hY9fxUwlHK0RXw+Y=
github.com/yalue/onnxruntime_go v1.13.0 h1:5HDXHon3EukQMyYA7yPMed/raWaDE/gjwLOwnVoiwy8=
github.com/yalue/onnxruntime_go v1.13.0/go.mod h1:b4X26A8pekNb1ACJ58wAXgNKeUCGEAQ9dmACut9Sm/4=
